
Microsoft Visual Studio Solution File, Format Version 12.00
# Visual Studio Version 16
VisualStudioVersion = 16.0.32630.194
MinimumVisualStudioVersion = 10.0.40219.1
Project("{8BC9CEB8-8B4A-11D0-8D11-00A0C91BC942}") = "Order", "Order.vcxproj", "{F8B33E32-7F48-4363-94E0-FBCA8D0B30FF}"
EndProject
Global
	GlobalSection(SolutionConfigurationPlatforms) = preSolution
		Debug|x64 = Debug|x64
		Debug|x86 = Debug|x86
		Release|x64 = Release|x64
		Release|x86 = Release|x86
	EndGlobalSection
	GlobalSection(ProjectConfigurationPlatforms) = postSolution
		{F8B33E32-7F48-4363-94E0-FBCA8D0B30FF}.Debug|x64.ActiveCfg = Debug|x64
		{F8B33E32-7F48-4363-94E0-FBCA8D0B30FF}.Debug|x64.Build.0 = Debug|x64
		{F8B33E32-7F48-4363-94E0-FBCA8D0B30FF}.Debug|x86.ActiveCfg = Debug|Win32
		{F8B33E32-7F48-4363-94E0-FBCA8D0B30FF}.Debug|x86.Build.0 = Debug|Win32
		{F8B33E32-7F48-4363-94E0-FBCA8D0B30FF}.Release|x64.ActiveCfg = Release|x64
		{F8B33E32-7F48-4363-94E0-FBCA8D0B30FF}.Release|x64.Build.0 = Release|x64
		{F8B33E32-7F48-4363-94E0-FBCA8D0B30FF}.Release|x86.ActiveCfg = Release|Win32
		{F8B33E32-7F48-4363-94E0-FBCA8D0B30FF}.Release|x86.Build.0 = Release|Win32
	EndGlobalSection
	GlobalSection(SolutionProperties) = preSolution
		HideSolutionNode = FALSE
	EndGlobalSection
	GlobalSection(ExtensibilityGlobals) = postSolution
		SolutionGuid = {C593F36A-A505-4C98-960D-1A2B03DD15D2}
	EndGlobalSection
EndGlobal
